
Microsoft Visual Studio Solution File, Format Version 12.00
# Visual Studio Version 16
VisualStudioVersion = 16.0.30523.141
MinimumVisualStudioVersion = 10.0.40219.1
Project("{8BC9CEB8-8B4A-11D0-8D11-00A0C91BC942}") = "CSGOD3D", "CSGOD3D.vcxproj", "{526161C1-5CFA-4B94-8046-380E5BA9299F}"
EndProject
Global
	GlobalSection(SolutionConfigurationPlatforms) = preSolution
		Debug|x64 = Debug|x64
		Debug|x86 = Debug|x86
		Release|x64 = Release|x64
		Release|x86 = Release|x86
	EndGlobalSection
	GlobalSection(ProjectConfigurationPlatforms) = postSolution
		{526161C1-5CFA-4B94-8046-380E5BA9299F}.Debug|x64.ActiveCfg = Debug|x64
		{526161C1-5CFA-4B94-8046-380E5BA9299F}.Debug|x64.Build.0 = Debug|x64
		{526161C1-5CFA-4B94-8046-380E5BA9299F}.Debug|x86.ActiveCfg = Debug|Win32
		{526161C1-5CFA-4B94-8046-380E5BA9299F}.Debug|x86.Build.0 = Debug|Win32
		{526161C1-5CFA-4B94-8046-380E5BA9299F}.Release|x64.ActiveCfg = Release|x64
		{526161C1-5CFA-4B94-8046-380E5BA9299F}.Release|x64.Build.0 = Release|x64
		{526161C1-5CFA-4B94-8046-380E5BA9299F}.Release|x86.ActiveCfg = Release|Win32
		{526161C1-5CFA-4B94-8046-380E5BA9299F}.Release|x86.Build.0 = Release|Win32
	EndGlobalSection
	GlobalSection(SolutionProperties) = preSolution
		HideSolutionNode = FALSE
	EndGlobalSection
	GlobalSection(ExtensibilityGlobals) = postSolution
		SolutionGuid = {C02263DB-5C17-493B-981A-1CE009C32954}
	EndGlobalSection
EndGlobal
